
Microsoft Visual Studio Solution File, Format Version 12.00
# Visual Studio Version 17
VisualStudioVersion = 17.12.35527.113
MinimumVisualStudioVersion = 10.0.40219.1
Project("{FAE04EC0-301F-11D3-BF4B-00C04F79EFBC}") = "PublisherProjectAPI", "PublisherProject\PublisherProjectAPI.csproj", "{0A11BB6D-063A-4C86-ABEE-DD15C8CDA525}"
EndProject
Project("{FAE04EC0-301F-11D3-BF4B-00C04F79EFBC}") = "PublisherProjectData", "PublisherProjectData\PublisherProjectData.csproj", "{14B1ABEC-48C4-4465-98D8-A7AC6DF8FF8B}"
EndProject
Global
	GlobalSection(SolutionConfigurationPlatforms) = preSolution
		Debug|Any CPU = Debug|Any CPU
		Release|Any CPU = Release|Any CPU
	EndGlobalSection
	GlobalSection(ProjectConfigurationPlatforms) = postSolution
		{0A11BB6D-063A-4C86-ABEE-DD15C8CDA525}.Debug|Any CPU.ActiveCfg = Debug|Any CPU
		{0A11BB6D-063A-4C86-ABEE-DD15C8CDA525}.Debug|Any CPU.Build.0 = Debug|Any CPU
		{0A11BB6D-063A-4C86-ABEE-DD15C8CDA525}.Release|Any CPU.ActiveCfg = Release|Any CPU
		{0A11BB6D-063A-4C86-ABEE-DD15C8CDA525}.Release|Any CPU.Build.0 = Release|Any CPU
		{14B1ABEC-48C4-4465-98D8-A7AC6DF8FF8B}.Debug|Any CPU.ActiveCfg = Debug|Any CPU
		{14B1ABEC-48C4-4465-98D8-A7AC6DF8FF8B}.Debug|Any CPU.Build.0 = Debug|Any CPU
		{14B1ABEC-48C4-4465-98D8-A7AC6DF8FF8B}.Release|Any CPU.ActiveCfg = Release|Any CPU
		{14B1ABEC-48C4-4465-98D8-A7AC6DF8FF8B}.Release|Any CPU.Build.0 = Release|Any CPU
	EndGlobalSection
	GlobalSection(SolutionProperties) = preSolution
		HideSolutionNode = FALSE
	EndGlobalSection
EndGlobal
